
Microsoft Visual Studio Solution File, Format Version 12.00
# Visual Studio Version 16
VisualStudioVersion = 16.0.33529.622
MinimumVisualStudioVersion = 10.0.40219.1
Project("{FAE04EC0-301F-11D3-BF4B-00C04F79EFBC}") = "Exercicio URI 1009", "Exercicio URI 1009\Exercicio URI 1009.csproj", "{69BF232D-14F4-4EE2-B172-2C27E96E99BF}"
EndProject
Global
	GlobalSection(SolutionConfigurationPlatforms) = preSolution
		Debug|Any CPU = Debug|Any CPU
		Release|Any CPU = Release|Any CPU
	EndGlobalSection
	GlobalSection(ProjectConfigurationPlatforms) = postSolution
		{69BF232D-14F4-4EE2-B172-2C27E96E99BF}.Debug|Any CPU.ActiveCfg = Debug|Any CPU
		{69BF232D-14F4-4EE2-B172-2C27E96E99BF}.Debug|Any CPU.Build.0 = Debug|Any CPU
		{69BF232D-14F4-4EE2-B172-2C27E96E99BF}.Release|Any CPU.ActiveCfg = Release|Any CPU
		{69BF232D-14F4-4EE2-B172-2C27E96E99BF}.Release|Any CPU.Build.0 = Release|Any CPU
	EndGlobalSection
	GlobalSection(SolutionProperties) = preSolution
		HideSolutionNode = FALSE
	EndGlobalSection
	GlobalSection(ExtensibilityGlobals) = postSolution
		SolutionGuid = {E2C14B86-B66D-4293-850F-F7D18F116962}
	EndGlobalSection
EndGlobal
