
Microsoft Visual Studio Solution File, Format Version 12.00
# Visual Studio Version 16
VisualStudioVersion = 16.0.33529.622
MinimumVisualStudioVersion = 10.0.40219.1
Project("{FAE04EC0-301F-11D3-BF4B-00C04F79EFBC}") = "Entrada de Dados", "Entrada de Dados\Entrada de Dados.csproj", "{0EA20758-5CA2-4B22-AD57-06764335F79F}"
EndProject
Global
	GlobalSection(SolutionConfigurationPlatforms) = preSolution
		Debug|Any CPU = Debug|Any CPU
		Release|Any CPU = Release|Any CPU
	EndGlobalSection
	GlobalSection(ProjectConfigurationPlatforms) = postSolution
		{0EA20758-5CA2-4B22-AD57-06764335F79F}.Debug|Any CPU.ActiveCfg = Debug|Any CPU
		{0EA20758-5CA2-4B22-AD57-06764335F79F}.Debug|Any CPU.Build.0 = Debug|Any CPU
		{0EA20758-5CA2-4B22-AD57-06764335F79F}.Release|Any CPU.ActiveCfg = Release|Any CPU
		{0EA20758-5CA2-4B22-AD57-06764335F79F}.Release|Any CPU.Build.0 = Release|Any CPU
	EndGlobalSection
	GlobalSection(SolutionProperties) = preSolution
		HideSolutionNode = FALSE
	EndGlobalSection
	GlobalSection(ExtensibilityGlobals) = postSolution
		SolutionGuid = {A8FC30D9-86E1-45A4-8460-F289B3B94A10}
	EndGlobalSection
EndGlobal
