
Microsoft Visual Studio Solution File, Format Version 12.00
# Visual Studio Version 16
VisualStudioVersion = 16.0.33529.622
MinimumVisualStudioVersion = 10.0.40219.1
Project("{FAE04EC0-301F-11D3-BF4B-00C04F79EFBC}") = "SwitchCase", "SwitchCase\SwitchCase.csproj", "{EEFBF5D1-E624-4A5B-9EE7-E69060C50BE3}"
EndProject
Global
	GlobalSection(SolutionConfigurationPlatforms) = preSolution
		Debug|Any CPU = Debug|Any CPU
		Release|Any CPU = Release|Any CPU
	EndGlobalSection
	GlobalSection(ProjectConfigurationPlatforms) = postSolution
		{EEFBF5D1-E624-4A5B-9EE7-E69060C50BE3}.Debug|Any CPU.ActiveCfg = Debug|Any CPU
		{EEFBF5D1-E624-4A5B-9EE7-E69060C50BE3}.Debug|Any CPU.Build.0 = Debug|Any CPU
		{EEFBF5D1-E624-4A5B-9EE7-E69060C50BE3}.Release|Any CPU.ActiveCfg = Release|Any CPU
		{EEFBF5D1-E624-4A5B-9EE7-E69060C50BE3}.Release|Any CPU.Build.0 = Release|Any CPU
	EndGlobalSection
	GlobalSection(SolutionProperties) = preSolution
		HideSolutionNode = FALSE
	EndGlobalSection
	GlobalSection(ExtensibilityGlobals) = postSolution
		SolutionGuid = {C1000C11-ACE6-4166-A569-CB05BFEAE2A5}
	EndGlobalSection
EndGlobal
