
Microsoft Visual Studio Solution File, Format Version 12.00
# Visual Studio Version 16
VisualStudioVersion = 16.0.33529.622
MinimumVisualStudioVersion = 10.0.40219.1
Project("{FAE04EC0-301F-11D3-BF4B-00C04F79EFBC}") = "ConversaoDeTempo", "ConversaoDeTempo\ConversaoDeTempo.csproj", "{6081FAA1-C655-4341-B2C5-B2EAA0196E95}"
EndProject
Global
	GlobalSection(SolutionConfigurationPlatforms) = preSolution
		Debug|Any CPU = Debug|Any CPU
		Release|Any CPU = Release|Any CPU
	EndGlobalSection
	GlobalSection(ProjectConfigurationPlatforms) = postSolution
		{6081FAA1-C655-4341-B2C5-B2EAA0196E95}.Debug|Any CPU.ActiveCfg = Debug|Any CPU
		{6081FAA1-C655-4341-B2C5-B2EAA0196E95}.Debug|Any CPU.Build.0 = Debug|Any CPU
		{6081FAA1-C655-4341-B2C5-B2EAA0196E95}.Release|Any CPU.ActiveCfg = Release|Any CPU
		{6081FAA1-C655-4341-B2C5-B2EAA0196E95}.Release|Any CPU.Build.0 = Release|Any CPU
	EndGlobalSection
	GlobalSection(SolutionProperties) = preSolution
		HideSolutionNode = FALSE
	EndGlobalSection
	GlobalSection(ExtensibilityGlobals) = postSolution
		SolutionGuid = {80850931-E8B9-41E3-85C1-4F481A8F6E34}
	EndGlobalSection
EndGlobal
