
Microsoft Visual Studio Solution File, Format Version 12.00
# Visual Studio Version 16
VisualStudioVersion = 16.0.33529.622
MinimumVisualStudioVersion = 10.0.40219.1
Project("{FAE04EC0-301F-11D3-BF4B-00C04F79EFBC}") = "NotasEMoedas", "NotasEMoedas\NotasEMoedas.csproj", "{6B3E0AF6-87EE-4610-BA4D-9074160B4672}"
EndProject
Global
	GlobalSection(SolutionConfigurationPlatforms) = preSolution
		Debug|Any CPU = Debug|Any CPU
		Release|Any CPU = Release|Any CPU
	EndGlobalSection
	GlobalSection(ProjectConfigurationPlatforms) = postSolution
		{6B3E0AF6-87EE-4610-BA4D-9074160B4672}.Debug|Any CPU.ActiveCfg = Debug|Any CPU
		{6B3E0AF6-87EE-4610-BA4D-9074160B4672}.Debug|Any CPU.Build.0 = Debug|Any CPU
		{6B3E0AF6-87EE-4610-BA4D-9074160B4672}.Release|Any CPU.ActiveCfg = Release|Any CPU
		{6B3E0AF6-87EE-4610-BA4D-9074160B4672}.Release|Any CPU.Build.0 = Release|Any CPU
	EndGlobalSection
	GlobalSection(SolutionProperties) = preSolution
		HideSolutionNode = FALSE
	EndGlobalSection
	GlobalSection(ExtensibilityGlobals) = postSolution
		SolutionGuid = {6265E589-C2B6-4BCB-A84C-84195E6D1C29}
	EndGlobalSection
EndGlobal
