
Microsoft Visual Studio Solution File, Format Version 12.00
# Visual Studio Version 16
VisualStudioVersion = 16.0.33529.622
MinimumVisualStudioVersion = 10.0.40219.1
Project("{FAE04EC0-301F-11D3-BF4B-00C04F79EFBC}") = "SenhaFixaURI1114", "SenhaFixaURI1114\SenhaFixaURI1114.csproj", "{04E2AE7B-0F02-4604-9668-687E36DAA60B}"
EndProject
Global
	GlobalSection(SolutionConfigurationPlatforms) = preSolution
		Debug|Any CPU = Debug|Any CPU
		Release|Any CPU = Release|Any CPU
	EndGlobalSection
	GlobalSection(ProjectConfigurationPlatforms) = postSolution
		{04E2AE7B-0F02-4604-9668-687E36DAA60B}.Debug|Any CPU.ActiveCfg = Debug|Any CPU
		{04E2AE7B-0F02-4604-9668-687E36DAA60B}.Debug|Any CPU.Build.0 = Debug|Any CPU
		{04E2AE7B-0F02-4604-9668-687E36DAA60B}.Release|Any CPU.ActiveCfg = Release|Any CPU
		{04E2AE7B-0F02-4604-9668-687E36DAA60B}.Release|Any CPU.Build.0 = Release|Any CPU
	EndGlobalSection
	GlobalSection(SolutionProperties) = preSolution
		HideSolutionNode = FALSE
	EndGlobalSection
	GlobalSection(ExtensibilityGlobals) = postSolution
		SolutionGuid = {8F289587-D064-4509-B832-1522919C54C0}
	EndGlobalSection
EndGlobal
