
Microsoft Visual Studio Solution File, Format Version 12.00
# Visual Studio 14
VisualStudioVersion = 14.0.25420.1
MinimumVisualStudioVersion = 10.0.40219.1
Project("{FAE04EC0-301F-11D3-BF4B-00C04F79EFBC}") = "MediasPonderadas_Beecrowd1079", "MediasPonderadas_Beecrowd1079\MediasPonderadas_Beecrowd1079.csproj", "{E20D3894-965C-48EC-9E6D-E8389A7AA3B3}"
EndProject
Global
	GlobalSection(SolutionConfigurationPlatforms) = preSolution
		Debug|Any CPU = Debug|Any CPU
		Release|Any CPU = Release|Any CPU
	EndGlobalSection
	GlobalSection(ProjectConfigurationPlatforms) = postSolution
		{E20D3894-965C-48EC-9E6D-E8389A7AA3B3}.Debug|Any CPU.ActiveCfg = Debug|Any CPU
		{E20D3894-965C-48EC-9E6D-E8389A7AA3B3}.Debug|Any CPU.Build.0 = Debug|Any CPU
		{E20D3894-965C-48EC-9E6D-E8389A7AA3B3}.Release|Any CPU.ActiveCfg = Release|Any CPU
		{E20D3894-965C-48EC-9E6D-E8389A7AA3B3}.Release|Any CPU.Build.0 = Release|Any CPU
	EndGlobalSection
	GlobalSection(SolutionProperties) = preSolution
		HideSolutionNode = FALSE
	EndGlobalSection
EndGlobal
