
Microsoft Visual Studio Solution File, Format Version 12.00
# Visual Studio Version 16
VisualStudioVersion = 16.0.33529.622
MinimumVisualStudioVersion = 10.0.40219.1
Project("{FAE04EC0-301F-11D3-BF4B-00C04F79EFBC}") = "Media_3", "Media_3\Media_3.csproj", "{D76F0D63-5BCF-4F9B-B563-35455AFB3250}"
EndProject
Global
	GlobalSection(SolutionConfigurationPlatforms) = preSolution
		Debug|Any CPU = Debug|Any CPU
		Release|Any CPU = Release|Any CPU
	EndGlobalSection
	GlobalSection(ProjectConfigurationPlatforms) = postSolution
		{D76F0D63-5BCF-4F9B-B563-35455AFB3250}.Debug|Any CPU.ActiveCfg = Debug|Any CPU
		{D76F0D63-5BCF-4F9B-B563-35455AFB3250}.Debug|Any CPU.Build.0 = Debug|Any CPU
		{D76F0D63-5BCF-4F9B-B563-35455AFB3250}.Release|Any CPU.ActiveCfg = Release|Any CPU
		{D76F0D63-5BCF-4F9B-B563-35455AFB3250}.Release|Any CPU.Build.0 = Release|Any CPU
	EndGlobalSection
	GlobalSection(SolutionProperties) = preSolution
		HideSolutionNode = FALSE
	EndGlobalSection
	GlobalSection(ExtensibilityGlobals) = postSolution
		SolutionGuid = {702EB71B-75B6-4E0E-931E-7353BDCA4F4A}
	EndGlobalSection
EndGlobal
