
Microsoft Visual Studio Solution File, Format Version 12.00
# Visual Studio Version 16
VisualStudioVersion = 16.0.33529.622
MinimumVisualStudioVersion = 10.0.40219.1
Project("{FAE04EC0-301F-11D3-BF4B-00C04F79EFBC}") = "Animal", "Animal\Animal.csproj", "{948743B2-B599-4F03-BB8C-2E5721D3C985}"
EndProject
Global
	GlobalSection(SolutionConfigurationPlatforms) = preSolution
		Debug|Any CPU = Debug|Any CPU
		Release|Any CPU = Release|Any CPU
	EndGlobalSection
	GlobalSection(ProjectConfigurationPlatforms) = postSolution
		{948743B2-B599-4F03-BB8C-2E5721D3C985}.Debug|Any CPU.ActiveCfg = Debug|Any CPU
		{948743B2-B599-4F03-BB8C-2E5721D3C985}.Debug|Any CPU.Build.0 = Debug|Any CPU
		{948743B2-B599-4F03-BB8C-2E5721D3C985}.Release|Any CPU.ActiveCfg = Release|Any CPU
		{948743B2-B599-4F03-BB8C-2E5721D3C985}.Release|Any CPU.Build.0 = Release|Any CPU
	EndGlobalSection
	GlobalSection(SolutionProperties) = preSolution
		HideSolutionNode = FALSE
	EndGlobalSection
	GlobalSection(ExtensibilityGlobals) = postSolution
		SolutionGuid = {02CCFF13-73DC-44F1-882E-141070D7BB79}
	EndGlobalSection
EndGlobal
