
Microsoft Visual Studio Solution File, Format Version 12.00
# Visual Studio 14
VisualStudioVersion = 14.0.25420.1
MinimumVisualStudioVersion = 10.0.40219.1
Project("{FAE04EC0-301F-11D3-BF4B-00C04F79EFBC}") = "Revisão de Código", "Revisão de Código\Revisão de Código.csproj", "{BC784087-713C-4848-842A-B6CA524F2214}"
EndProject
Global
	GlobalSection(SolutionConfigurationPlatforms) = preSolution
		Debug|Any CPU = Debug|Any CPU
		Release|Any CPU = Release|Any CPU
	EndGlobalSection
	GlobalSection(ProjectConfigurationPlatforms) = postSolution
		{BC784087-713C-4848-842A-B6CA524F2214}.Debug|Any CPU.ActiveCfg = Debug|Any CPU
		{BC784087-713C-4848-842A-B6CA524F2214}.Debug|Any CPU.Build.0 = Debug|Any CPU
		{BC784087-713C-4848-842A-B6CA524F2214}.Release|Any CPU.ActiveCfg = Release|Any CPU
		{BC784087-713C-4848-842A-B6CA524F2214}.Release|Any CPU.Build.0 = Release|Any CPU
	EndGlobalSection
	GlobalSection(SolutionProperties) = preSolution
		HideSolutionNode = FALSE
	EndGlobalSection
EndGlobal
