
Microsoft Visual Studio Solution File, Format Version 12.00
# Visual Studio Version 16
VisualStudioVersion = 16.0.33529.622
MinimumVisualStudioVersion = 10.0.40219.1
Project("{FAE04EC0-301F-11D3-BF4B-00C04F79EFBC}") = "Exercicio URI 1013", "Exercicio URI 1013\Exercicio URI 1013.csproj", "{A9D01B10-7BFB-44A0-8DDF-1FFF7B5938C3}"
EndProject
Global
	GlobalSection(SolutionConfigurationPlatforms) = preSolution
		Debug|Any CPU = Debug|Any CPU
		Release|Any CPU = Release|Any CPU
	EndGlobalSection
	GlobalSection(ProjectConfigurationPlatforms) = postSolution
		{A9D01B10-7BFB-44A0-8DDF-1FFF7B5938C3}.Debug|Any CPU.ActiveCfg = Debug|Any CPU
		{A9D01B10-7BFB-44A0-8DDF-1FFF7B5938C3}.Debug|Any CPU.Build.0 = Debug|Any CPU
		{A9D01B10-7BFB-44A0-8DDF-1FFF7B5938C3}.Release|Any CPU.ActiveCfg = Release|Any CPU
		{A9D01B10-7BFB-44A0-8DDF-1FFF7B5938C3}.Release|Any CPU.Build.0 = Release|Any CPU
	EndGlobalSection
	GlobalSection(SolutionProperties) = preSolution
		HideSolutionNode = FALSE
	EndGlobalSection
	GlobalSection(ExtensibilityGlobals) = postSolution
		SolutionGuid = {00D6634A-5327-4766-B259-07ED822850C6}
	EndGlobalSection
EndGlobal
