
Microsoft Visual Studio Solution File, Format Version 12.00
# Visual Studio 14
VisualStudioVersion = 14.0.25420.1
MinimumVisualStudioVersion = 10.0.40219.1
Project("{FAE04EC0-301F-11D3-BF4B-00C04F79EFBC}") = "Seis_Numeros_Impares_Beecrowd1070", "Seis_Numeros_Impares_Beecrowd1070\Seis_Numeros_Impares_Beecrowd1070.csproj", "{B5DB9CBD-B3F3-48B6-85C1-4EFFC04ED7E0}"
EndProject
Global
	GlobalSection(SolutionConfigurationPlatforms) = preSolution
		Debug|Any CPU = Debug|Any CPU
		Release|Any CPU = Release|Any CPU
	EndGlobalSection
	GlobalSection(ProjectConfigurationPlatforms) = postSolution
		{B5DB9CBD-B3F3-48B6-85C1-4EFFC04ED7E0}.Debug|Any CPU.ActiveCfg = Debug|Any CPU
		{B5DB9CBD-B3F3-48B6-85C1-4EFFC04ED7E0}.Debug|Any CPU.Build.0 = Debug|Any CPU
		{B5DB9CBD-B3F3-48B6-85C1-4EFFC04ED7E0}.Release|Any CPU.ActiveCfg = Release|Any CPU
		{B5DB9CBD-B3F3-48B6-85C1-4EFFC04ED7E0}.Release|Any CPU.Build.0 = Release|Any CPU
	EndGlobalSection
	GlobalSection(SolutionProperties) = preSolution
		HideSolutionNode = FALSE
	EndGlobalSection
EndGlobal
