
Microsoft Visual Studio Solution File, Format Version 12.00
# Visual Studio Version 16
VisualStudioVersion = 16.0.33529.622
MinimumVisualStudioVersion = 10.0.40219.1
Project("{FAE04EC0-301F-11D3-BF4B-00C04F79EFBC}") = "Exercicio Resolvido Condicional", "Exercicio Resolvido Condicional\Exercicio Resolvido Condicional.csproj", "{F05DE44C-76DC-4E2B-9428-D6861B32657A}"
EndProject
Global
	GlobalSection(SolutionConfigurationPlatforms) = preSolution
		Debug|Any CPU = Debug|Any CPU
		Release|Any CPU = Release|Any CPU
	EndGlobalSection
	GlobalSection(ProjectConfigurationPlatforms) = postSolution
		{F05DE44C-76DC-4E2B-9428-D6861B32657A}.Debug|Any CPU.ActiveCfg = Debug|Any CPU
		{F05DE44C-76DC-4E2B-9428-D6861B32657A}.Debug|Any CPU.Build.0 = Debug|Any CPU
		{F05DE44C-76DC-4E2B-9428-D6861B32657A}.Release|Any CPU.ActiveCfg = Release|Any CPU
		{F05DE44C-76DC-4E2B-9428-D6861B32657A}.Release|Any CPU.Build.0 = Release|Any CPU
	EndGlobalSection
	GlobalSection(SolutionProperties) = preSolution
		HideSolutionNode = FALSE
	EndGlobalSection
	GlobalSection(ExtensibilityGlobals) = postSolution
		SolutionGuid = {20DF5EAE-BF46-467C-828F-768B3EC92D30}
	EndGlobalSection
EndGlobal
