
Microsoft Visual Studio Solution File, Format Version 12.00
# Visual Studio Version 16
VisualStudioVersion = 16.0.33529.622
MinimumVisualStudioVersion = 10.0.40219.1
Project("{FAE04EC0-301F-11D3-BF4B-00C04F79EFBC}") = "QuadranteUri1115", "QuadranteUri1115\QuadranteUri1115.csproj", "{A5795378-FF48-49DD-B38C-1CCE5C38272A}"
EndProject
Global
	GlobalSection(SolutionConfigurationPlatforms) = preSolution
		Debug|Any CPU = Debug|Any CPU
		Release|Any CPU = Release|Any CPU
	EndGlobalSection
	GlobalSection(ProjectConfigurationPlatforms) = postSolution
		{A5795378-FF48-49DD-B38C-1CCE5C38272A}.Debug|Any CPU.ActiveCfg = Debug|Any CPU
		{A5795378-FF48-49DD-B38C-1CCE5C38272A}.Debug|Any CPU.Build.0 = Debug|Any CPU
		{A5795378-FF48-49DD-B38C-1CCE5C38272A}.Release|Any CPU.ActiveCfg = Release|Any CPU
		{A5795378-FF48-49DD-B38C-1CCE5C38272A}.Release|Any CPU.Build.0 = Release|Any CPU
	EndGlobalSection
	GlobalSection(SolutionProperties) = preSolution
		HideSolutionNode = FALSE
	EndGlobalSection
	GlobalSection(ExtensibilityGlobals) = postSolution
		SolutionGuid = {49954376-F4A7-4F95-921A-4C62654C475D}
	EndGlobalSection
EndGlobal
