
Microsoft Visual Studio Solution File, Format Version 12.00
# Visual Studio Version 16
VisualStudioVersion = 16.0.33529.622
MinimumVisualStudioVersion = 10.0.40219.1
Project("{FAE04EC0-301F-11D3-BF4B-00C04F79EFBC}") = "SortSimples", "SortSimples\SortSimples.csproj", "{C1F5A8CD-566F-40FA-AABB-12EFF9325669}"
EndProject
Global
	GlobalSection(SolutionConfigurationPlatforms) = preSolution
		Debug|Any CPU = Debug|Any CPU
		Release|Any CPU = Release|Any CPU
	EndGlobalSection
	GlobalSection(ProjectConfigurationPlatforms) = postSolution
		{C1F5A8CD-566F-40FA-AABB-12EFF9325669}.Debug|Any CPU.ActiveCfg = Debug|Any CPU
		{C1F5A8CD-566F-40FA-AABB-12EFF9325669}.Debug|Any CPU.Build.0 = Debug|Any CPU
		{C1F5A8CD-566F-40FA-AABB-12EFF9325669}.Release|Any CPU.ActiveCfg = Release|Any CPU
		{C1F5A8CD-566F-40FA-AABB-12EFF9325669}.Release|Any CPU.Build.0 = Release|Any CPU
	EndGlobalSection
	GlobalSection(SolutionProperties) = preSolution
		HideSolutionNode = FALSE
	EndGlobalSection
	GlobalSection(ExtensibilityGlobals) = postSolution
		SolutionGuid = {CDC1DFE3-1DE8-49CD-878C-FA3AF65130A0}
	EndGlobalSection
EndGlobal
