
Microsoft Visual Studio Solution File, Format Version 12.00
# Visual Studio Version 16
VisualStudioVersion = 16.0.33529.622
MinimumVisualStudioVersion = 10.0.40219.1
Project("{FAE04EC0-301F-11D3-BF4B-00C04F79EFBC}") = "OperacoesLogicas", "OperacoesLogicas\OperacoesLogicas.csproj", "{29C29C70-8248-4D52-A9DC-67F8304E4841}"
EndProject
Global
	GlobalSection(SolutionConfigurationPlatforms) = preSolution
		Debug|Any CPU = Debug|Any CPU
		Release|Any CPU = Release|Any CPU
	EndGlobalSection
	GlobalSection(ProjectConfigurationPlatforms) = postSolution
		{29C29C70-8248-4D52-A9DC-67F8304E4841}.Debug|Any CPU.ActiveCfg = Debug|Any CPU
		{29C29C70-8248-4D52-A9DC-67F8304E4841}.Debug|Any CPU.Build.0 = Debug|Any CPU
		{29C29C70-8248-4D52-A9DC-67F8304E4841}.Release|Any CPU.ActiveCfg = Release|Any CPU
		{29C29C70-8248-4D52-A9DC-67F8304E4841}.Release|Any CPU.Build.0 = Release|Any CPU
	EndGlobalSection
	GlobalSection(SolutionProperties) = preSolution
		HideSolutionNode = FALSE
	EndGlobalSection
	GlobalSection(ExtensibilityGlobals) = postSolution
		SolutionGuid = {667ABA5E-DCCF-4059-A32E-2A0EBA92ABE2}
	EndGlobalSection
EndGlobal
