
Microsoft Visual Studio Solution File, Format Version 12.00
# Visual Studio Version 16
VisualStudioVersion = 16.0.33529.622
MinimumVisualStudioVersion = 10.0.40219.1
Project("{FAE04EC0-301F-11D3-BF4B-00C04F79EFBC}") = "ImpostoDeRenda", "ImpostoDeRenda\ImpostoDeRenda.csproj", "{7B1F3BE5-E3A7-443F-9F58-9297E0C700C3}"
EndProject
Global
	GlobalSection(SolutionConfigurationPlatforms) = preSolution
		Debug|Any CPU = Debug|Any CPU
		Release|Any CPU = Release|Any CPU
	EndGlobalSection
	GlobalSection(ProjectConfigurationPlatforms) = postSolution
		{7B1F3BE5-E3A7-443F-9F58-9297E0C700C3}.Debug|Any CPU.ActiveCfg = Debug|Any CPU
		{7B1F3BE5-E3A7-443F-9F58-9297E0C700C3}.Debug|Any CPU.Build.0 = Debug|Any CPU
		{7B1F3BE5-E3A7-443F-9F58-9297E0C700C3}.Release|Any CPU.ActiveCfg = Release|Any CPU
		{7B1F3BE5-E3A7-443F-9F58-9297E0C700C3}.Release|Any CPU.Build.0 = Release|Any CPU
	EndGlobalSection
	GlobalSection(SolutionProperties) = preSolution
		HideSolutionNode = FALSE
	EndGlobalSection
	GlobalSection(ExtensibilityGlobals) = postSolution
		SolutionGuid = {CFE421CB-9E9F-447A-9E22-A10D02DAFD48}
	EndGlobalSection
EndGlobal
